Microsoft Visual Studio Solution File, Format Version 11.00
# Visual Studio 2008

Project("{B1567C93-4E61-95D1-4A55-14D855460E84}") = "gex", "Assembly-CSharp.csproj", "{A562AB9F-C09F-0821-0039-DFE093808591}"
EndProject
Project("{B1567C93-4E61-95D1-4A55-14D855460E84}") = "gex", "Assembly-CSharp-Editor.csproj", "{C7B36763-C59F-164E-E8F2-BA5DF3228833}"
EndProject
Global
	GlobalSection(SolutionConfigurationPlatforms) = preSolution
		Debug|Any CPU = Debug|Any CPU
		Release|Any CPU = Release|Any CPU
	EndGlobalSection
	GlobalSection(ProjectConfigurationPlatforms) = postSolution
		{A562AB9F-C09F-0821-0039-DFE093808591}.Debug|Any CPU.ActiveCfg = Debug|Any CPU
		{A562AB9F-C09F-0821-0039-DFE093808591}.Debug|Any CPU.Build.0 = Debug|Any CPU
		{A562AB9F-C09F-0821-0039-DFE093808591}.Release|Any CPU.ActiveCfg = Release|Any CPU
		{A562AB9F-C09F-0821-0039-DFE093808591}.Release|Any CPU.Build.0 = Release|Any CPU
		{C7B36763-C59F-164E-E8F2-BA5DF3228833}.Debug|Any CPU.ActiveCfg = Debug|Any CPU
		{C7B36763-C59F-164E-E8F2-BA5DF3228833}.Debug|Any CPU.Build.0 = Debug|Any CPU
		{C7B36763-C59F-164E-E8F2-BA5DF3228833}.Release|Any CPU.ActiveCfg = Release|Any CPU
		{C7B36763-C59F-164E-E8F2-BA5DF3228833}.Release|Any CPU.Build.0 = Release|Any CPU
	EndGlobalSection
	GlobalSection(SolutionProperties) = preSolution
		HideSolutionNode = FALSE
	EndGlobalSection
															GlobalSection(MonoDevelopProperties) = preSolution
		StartupItem = Assembly-CSharp.csproj
		Policies = $0
		$0.TextStylePolicy = $1
		$1.inheritsSet = null
		$1.scope = text/x-csharp
		$0.CSharpFormattingPolicy = $2
		$2.inheritsSet = Mono
		$2.inheritsScope = text/x-csharp
		$2.scope = text/x-csharp
		$0.TextStylePolicy = $3
		$3.FileWidth = 120
		$3.TabWidth = 4
		$3.IndentWidth = 4
		$3.EolMarker = Unix
		$3.inheritsSet = Mono
		$3.inheritsScope = text/plain
		$3.scope = text/plain
	EndGlobalSection
EndGlobal
